<?xml version="1.0" encoding="utf-8"?>
<Project ToolsVersion="4.0" xmlns="http://schemas.microsoft.com/developer/msbuild/2003">
  <ItemGroup>
    <ClInclude Include="..\..\flexExt.h" />
    <ClInclude Include="..\..\..\core\aabbtree.h">
      <Filter>Core</Filter>
    </ClInclude>
    <ClInclude Include="..\..\..\core\core.h">
      <Filter>Core</Filter>
    </ClInclude>
    <ClInclude Include="..\..\..\core\mat22.h">
      <Filter>Core</Filter>
    </ClInclude>
    <ClInclude Include="..\..\..\core\mat33.h">
      <Filter>Core</Filter>
    </ClInclude>
    <ClInclude Include="..\..\..\core\mat44.h">
      <Filter>Core</Filter>
    </ClInclude>
    <ClInclude Include="..\..\..\core\maths.h">
      <Filter>Core</Filter>
    </ClInclude>
    <ClInclude Include="..\..\..\core\matnn.h">
      <Filter>Core</Filter>
    </ClInclude>
    <ClInclude Include="..\..\..\core\mesh.h">
      <Filter>Core</Filter>
    </ClInclude>
    <ClInclude Include="..\..\..\core\point3.h">
      <Filter>Core</Filter>
    </ClInclude>
    <ClInclude Include="..\..\..\core\sdf.h">
      <Filter>Core</Filter>
    </ClInclude>
    <ClInclude Include="..\..\..\core\types.h">
      <Filter>Core</Filter>
    </ClInclude>
    <ClInclude Include="..\..\..\core\vec2.h">
      <Filter>Core</Filter>
    </ClInclude>
    <ClInclude Include="..\..\..\core\vec3.h">
      <Filter>Core</Filter>
    </ClInclude>
    <ClInclude Include="..\..\..\core\vec4.h">
      <Filter>Core</Filter>
    </ClInclude>
    <ClInclude Include="..\..\..\core\voxelize.h">
      <Filter>Core</Filter>
    </ClInclude>
    <ClInclude Include="..\..\..\core\platform.h">
      <Filter>Core</Filter>
    </ClInclude>
  </ItemGroup>
  <ItemGroup>
    <ClCompile Include="..\..\..\core\aabbtree.cpp">
      <Filter>Core</Filter>
    </ClCompile>
    <ClCompile Include="..\..\..\core\core.cpp">
      <Filter>Core</Filter>
    </ClCompile>
    <ClCompile Include="..\..\..\core\maths.cpp">
      <Filter>Core</Filter>
    </ClCompile>
    <ClCompile Include="..\..\..\core\mesh.cpp">
      <Filter>Core</Filter>
    </ClCompile>
    <ClCompile Include="..\..\..\core\sdf.cpp">
      <Filter>Core</Filter>
    </ClCompile>
    <ClCompile Include="..\..\..\core\voxelize.cpp">
      <Filter>Core</Filter>
    </ClCompile>
    <ClCompile Include="..\..\..\core\platform.cpp">
      <Filter>Core</Filter>
    </ClCompile>
  </ItemGroup>
  <ItemGroup>
    <Filter Include="Core">
      <UniqueIdentifier>{89e08aff-2f6e-48e6-89da-7efb8d1a486c}</UniqueIdentifier>
    </Filter>
  </ItemGroup>
  <ItemGroup>
    <CustomBuild Include="..\..\flexExt.cu" />
  </ItemGroup>
</Project>