
Microsoft Visual Studio Solution File, Format Version 12.00
# Visual Studio 2012
Project("{8BC9CEB8-8B4A-11D0-8D11-00A0C91BC942}") = "flex", "..\..\..\src\compiler\cuda\vc11\flex.vcxproj", "{4FFB7204-D9B7-4D60-B503-15383B41B9CE}"
EndProject
Project("{8BC9CEB8-8B4A-11D0-8D11-00A0C91BC942}") = "flexDemo", "flexdemo.vcxproj", "{A7D2A448-3C70-48E6-84F5-B1CDDEDD5693}"
	ProjectSection(ProjectDependencies) = postProject
		{4FFB7204-D9B7-4D60-B503-15383B41B9CE} = {4FFB7204-D9B7-4D60-B503-15383B41B9CE}
		{9C68D824-D1AB-42FE-9B8D-45E2097550B1} = {9C68D824-D1AB-42FE-9B8D-45E2097550B1}
	EndProjectSection
EndProject
Project("{8BC9CEB8-8B4A-11D0-8D11-00A0C91BC942}") = "flexExt", "..\..\..\extensions\compiler\vc11\flexExt.vcxproj", "{9C68D824-D1AB-42FE-9B8D-45E2097550B1}"
EndProject
Global
	GlobalSection(SolutionConfigurationPlatforms) = preSolution
		Debug|Mixed Platforms = Debug|Mixed Platforms
		Debug|Win32 = Debug|Win32
		Debug|x64 = Debug|x64
		Release|Mixed Platforms = Release|Mixed Platforms
		Release|Win32 = Release|Win32
		Release|x64 = Release|x64
	EndGlobalSection
	GlobalSection(ProjectConfigurationPlatforms) = postSolution
		{4FFB7204-D9B7-4D60-B503-15383B41B9CE}.Debug|Mixed Platforms.ActiveCfg = Debug|Win32
		{4FFB7204-D9B7-4D60-B503-15383B41B9CE}.Debug|Mixed Platforms.Build.0 = Debug|Win32
		{4FFB7204-D9B7-4D60-B503-15383B41B9CE}.Debug|Win32.ActiveCfg = Debug|Win32
		{4FFB7204-D9B7-4D60-B503-15383B41B9CE}.Debug|Win32.Build.0 = Debug|Win32
		{4FFB7204-D9B7-4D60-B503-15383B41B9CE}.Debug|x64.ActiveCfg = Debug|x64
		{4FFB7204-D9B7-4D60-B503-15383B41B9CE}.Debug|x64.Build.0 = Debug|x64
		{4FFB7204-D9B7-4D60-B503-15383B41B9CE}.Release|Mixed Platforms.ActiveCfg = Release|Win32
		{4FFB7204-D9B7-4D60-B503-15383B41B9CE}.Release|Mixed Platforms.Build.0 = Release|Win32
		{4FFB7204-D9B7-4D60-B503-15383B41B9CE}.Release|Win32.ActiveCfg = Release|Win32
		{4FFB7204-D9B7-4D60-B503-15383B41B9CE}.Release|Win32.Build.0 = Release|Win32
		{4FFB7204-D9B7-4D60-B503-15383B41B9CE}.Release|x64.ActiveCfg = Release|x64
		{4FFB7204-D9B7-4D60-B503-15383B41B9CE}.Release|x64.Build.0 = Release|x64
		{A7D2A448-3C70-48E6-84F5-B1CDDEDD5693}.Debug|Mixed Platforms.ActiveCfg = Debug|Win32
		{A7D2A448-3C70-48E6-84F5-B1CDDEDD5693}.Debug|Mixed Platforms.Build.0 = Debug|Win32
		{A7D2A448-3C70-48E6-84F5-B1CDDEDD5693}.Debug|Win32.ActiveCfg = Debug|Win32
		{A7D2A448-3C70-48E6-84F5-B1CDDEDD5693}.Debug|Win32.Build.0 = Debug|Win32
		{A7D2A448-3C70-48E6-84F5-B1CDDEDD5693}.Debug|x64.ActiveCfg = Debug|x64
		{A7D2A448-3C70-48E6-84F5-B1CDDEDD5693}.Debug|x64.Build.0 = Debug|x64
		{A7D2A448-3C70-48E6-84F5-B1CDDEDD5693}.Release|Mixed Platforms.ActiveCfg = Release|Win32
		{A7D2A448-3C70-48E6-84F5-B1CDDEDD5693}.Release|Mixed Platforms.Build.0 = Release|Win32
		{A7D2A448-3C70-48E6-84F5-B1CDDEDD5693}.Release|Win32.ActiveCfg = Release|Win32
		{A7D2A448-3C70-48E6-84F5-B1CDDEDD5693}.Release|Win32.Build.0 = Release|Win32
		{A7D2A448-3C70-48E6-84F5-B1CDDEDD5693}.Release|x64.ActiveCfg = Release|x64
		{A7D2A448-3C70-48E6-84F5-B1CDDEDD5693}.Release|x64.Build.0 = Release|x64
		{9C68D824-D1AB-42FE-9B8D-45E2097550B1}.Debug|Mixed Platforms.ActiveCfg = Debug|Win32
		{9C68D824-D1AB-42FE-9B8D-45E2097550B1}.Debug|Mixed Platforms.Build.0 = Debug|Win32
		{9C68D824-D1AB-42FE-9B8D-45E2097550B1}.Debug|Win32.ActiveCfg = Debug|Win32
		{9C68D824-D1AB-42FE-9B8D-45E2097550B1}.Debug|Win32.Build.0 = Debug|Win32
		{9C68D824-D1AB-42FE-9B8D-45E2097550B1}.Debug|x64.ActiveCfg = Debug|x64
		{9C68D824-D1AB-42FE-9B8D-45E2097550B1}.Debug|x64.Build.0 = Debug|x64
		{9C68D824-D1AB-42FE-9B8D-45E2097550B1}.Release|Mixed Platforms.ActiveCfg = Release|Win32
		{9C68D824-D1AB-42FE-9B8D-45E2097550B1}.Release|Mixed Platforms.Build.0 = Release|Win32
		{9C68D824-D1AB-42FE-9B8D-45E2097550B1}.Release|Win32.ActiveCfg = Release|Win32
		{9C68D824-D1AB-42FE-9B8D-45E2097550B1}.Release|Win32.Build.0 = Release|Win32
		{9C68D824-D1AB-42FE-9B8D-45E2097550B1}.Release|x64.ActiveCfg = Release|x64
		{9C68D824-D1AB-42FE-9B8D-45E2097550B1}.Release|x64.Build.0 = Release|x64
	EndGlobalSection
	GlobalSection(SolutionProperties) = preSolution
		HideSolutionNode = FALSE
	EndGlobalSection
EndGlobal
