<?xml version="1.0" encoding="utf-8"?>
<Project ToolsVersion="4.0" xmlns="http://schemas.microsoft.com/developer/msbuild/2003">
  <ItemGroup>
    <ClCompile Include="..\..\main.cpp" />
    <ClCompile Include="..\..\..\core\aabbtree.cpp">
      <Filter>Core</Filter>
    </ClCompile>
    <ClCompile Include="..\..\..\core\core.cpp">
      <Filter>Core</Filter>
    </ClCompile>
    <ClCompile Include="..\..\..\core\maths.cpp">
      <Filter>Core</Filter>
    </ClCompile>
    <ClCompile Include="..\..\..\core\mesh.cpp">
      <Filter>Core</Filter>
    </ClCompile>
    <ClCompile Include="..\..\..\core\perlin.cpp">
      <Filter>Core</Filter>
    </ClCompile>
    <ClCompile Include="..\..\..\core\pfm.cpp">
      <Filter>Core</Filter>
    </ClCompile>
    <ClCompile Include="..\..\..\core\platform.cpp">
      <Filter>Core</Filter>
    </ClCompile>
    <ClCompile Include="..\..\..\core\sdf.cpp">
      <Filter>Core</Filter>
    </ClCompile>
    <ClCompile Include="..\..\..\core\shader.cpp">
      <Filter>Core</Filter>
    </ClCompile>
    <ClCompile Include="..\..\..\core\tga.cpp">
      <Filter>Core</Filter>
    </ClCompile>
    <ClCompile Include="..\..\..\core\voxelize.cpp">
      <Filter>Core</Filter>
    </ClCompile>
    <ClCompile Include="..\..\shaders.cpp" />
    <ClCompile Include="..\..\imguiRenderGL.cpp" />
    <ClCompile Include="..\..\imgui.cpp" />
  </ItemGroup>
  <ItemGroup>
    <ClInclude Include="..\..\cloth.h" />
    <ClInclude Include="..\..\helpers.h" />
    <ClInclude Include="..\..\..\core\aabbtree.h">
      <Filter>Core</Filter>
    </ClInclude>
    <ClInclude Include="..\..\..\core\core.h">
      <Filter>Core</Filter>
    </ClInclude>
    <ClInclude Include="..\..\..\core\mat22.h">
      <Filter>Core</Filter>
    </ClInclude>
    <ClInclude Include="..\..\..\core\voxelize.h">
      <Filter>Core</Filter>
    </ClInclude>
    <ClInclude Include="..\..\..\core\mat33.h">
      <Filter>Core</Filter>
    </ClInclude>
    <ClInclude Include="..\..\..\core\mat44.h">
      <Filter>Core</Filter>
    </ClInclude>
    <ClInclude Include="..\..\..\core\maths.h">
      <Filter>Core</Filter>
    </ClInclude>
    <ClInclude Include="..\..\..\core\matnn.h">
      <Filter>Core</Filter>
    </ClInclude>
    <ClInclude Include="..\..\..\core\mesh.h">
      <Filter>Core</Filter>
    </ClInclude>
    <ClInclude Include="..\..\..\core\perlin.h">
      <Filter>Core</Filter>
    </ClInclude>
    <ClInclude Include="..\..\..\core\pfm.h">
      <Filter>Core</Filter>
    </ClInclude>
    <ClInclude Include="..\..\..\core\platform.h">
      <Filter>Core</Filter>
    </ClInclude>
    <ClInclude Include="..\..\..\core\point3.h">
      <Filter>Core</Filter>
    </ClInclude>
    <ClInclude Include="..\..\..\core\sdf.h">
      <Filter>Core</Filter>
    </ClInclude>
    <ClInclude Include="..\..\..\core\shader.h">
      <Filter>Core</Filter>
    </ClInclude>
    <ClInclude Include="..\..\..\core\tga.h">
      <Filter>Core</Filter>
    </ClInclude>
    <ClInclude Include="..\..\..\core\types.h">
      <Filter>Core</Filter>
    </ClInclude>
    <ClInclude Include="..\..\..\core\vec2.h">
      <Filter>Core</Filter>
    </ClInclude>
    <ClInclude Include="..\..\..\core\vec3.h">
      <Filter>Core</Filter>
    </ClInclude>
    <ClInclude Include="..\..\..\core\vec4.h">
      <Filter>Core</Filter>
    </ClInclude>
    <ClInclude Include="..\..\shaders.h" />
    <ClInclude Include="..\..\scenes.h" />
    <ClInclude Include="..\..\container.h" />
    <ClInclude Include="..\..\imguiRenderGL.h" />
    <ClInclude Include="..\..\imgui.h" />
  </ItemGroup>
  <ItemGroup>
    <Filter Include="Core">
      <UniqueIdentifier>{5fa31f05-0b1a-4000-ad62-81a43c35efff}</UniqueIdentifier>
    </Filter>
  </ItemGroup>
</Project>